
Microsoft Visual Studio Solution File, Format Version 12.00
# Visual Studio Version 17
VisualStudioVersion = 17.9.34607.119
MinimumVisualStudioVersion = 10.0.40219.1
Project("{FAE04EC0-301F-11D3-BF4B-00C04F79EFBC}") = "Core", "Core\Core.csproj", "{FEE33DAD-2362-4B0E-A0E1-0E519F8DCEE5}"
EndProject
Project("{FAE04EC0-301F-11D3-BF4B-00C04F79EFBC}") = "Data", "Data\Data.csproj", "{BE082701-BD59-433A-8A88-AC7BE81F8215}"
EndProject
Project("{FAE04EC0-301F-11D3-BF4B-00C04F79EFBC}") = "Services", "Services\Services.csproj", "{92BE1099-BF07-4B41-80C8-6A08F257A2DC}"
EndProject
Project("{FAE04EC0-301F-11D3-BF4B-00C04F79EFBC}") = "API", "API\API.csproj", "{94C3E1C1-946F-44A2-9AEC-A159B242C9FB}"
EndProject
Project("{FAE04EC0-301F-11D3-BF4B-00C04F79EFBC}") = "Tests", "Tests\Tests.csproj", "{9A476A51-1CEC-4850-AF31-2F6C99BD5890}"
EndProject
Global
	GlobalSection(SolutionConfigurationPlatforms) = preSolution
		Debug|Any CPU = Debug|Any CPU
		Release|Any CPU = Release|Any CPU
	EndGlobalSection
	GlobalSection(ProjectConfigurationPlatforms) = postSolution
		{FEE33DAD-2362-4B0E-A0E1-0E519F8DCEE5}.Debug|Any CPU.ActiveCfg = Debug|Any CPU
		{FEE33DAD-2362-4B0E-A0E1-0E519F8DCEE5}.Debug|Any CPU.Build.0 = Debug|Any CPU
		{FEE33DAD-2362-4B0E-A0E1-0E519F8DCEE5}.Release|Any CPU.ActiveCfg = Release|Any CPU
		{FEE33DAD-2362-4B0E-A0E1-0E519F8DCEE5}.Release|Any CPU.Build.0 = Release|Any CPU
		{BE082701-BD59-433A-8A88-AC7BE81F8215}.Debug|Any CPU.ActiveCfg = Debug|Any CPU
		{BE082701-BD59-433A-8A88-AC7BE81F8215}.Debug|Any CPU.Build.0 = Debug|Any CPU
		{BE082701-BD59-433A-8A88-AC7BE81F8215}.Release|Any CPU.ActiveCfg = Release|Any CPU
		{BE082701-BD59-433A-8A88-AC7BE81F8215}.Release|Any CPU.Build.0 = Release|Any CPU
		{92BE1099-BF07-4B41-80C8-6A08F257A2DC}.Debug|Any CPU.ActiveCfg = Debug|Any CPU
		{92BE1099-BF07-4B41-80C8-6A08F257A2DC}.Debug|Any CPU.Build.0 = Debug|Any CPU
		{92BE1099-BF07-4B41-80C8-6A08F257A2DC}.Release|Any CPU.ActiveCfg = Release|Any CPU
		{92BE1099-BF07-4B41-80C8-6A08F257A2DC}.Release|Any CPU.Build.0 = Release|Any CPU
		{94C3E1C1-946F-44A2-9AEC-A159B242C9FB}.Debug|Any CPU.ActiveCfg = Debug|Any CPU
		{94C3E1C1-946F-44A2-9AEC-A159B242C9FB}.Debug|Any CPU.Build.0 = Debug|Any CPU
		{94C3E1C1-946F-44A2-9AEC-A159B242C9FB}.Release|Any CPU.ActiveCfg = Release|Any CPU
		{94C3E1C1-946F-44A2-9AEC-A159B242C9FB}.Release|Any CPU.Build.0 = Release|Any CPU
		{9A476A51-1CEC-4850-AF31-2F6C99BD5890}.Debug|Any CPU.ActiveCfg = Debug|Any CPU
		{9A476A51-1CEC-4850-AF31-2F6C99BD5890}.Debug|Any CPU.Build.0 = Debug|Any CPU
		{9A476A51-1CEC-4850-AF31-2F6C99BD5890}.Release|Any CPU.ActiveCfg = Release|Any CPU
		{9A476A51-1CEC-4850-AF31-2F6C99BD5890}.Release|Any CPU.Build.0 = Release|Any CPU
	EndGlobalSection
	GlobalSection(SolutionProperties) = preSolution
		HideSolutionNode = FALSE
	EndGlobalSection
	GlobalSection(ExtensibilityGlobals) = postSolution
		SolutionGuid = {81EC60BA-9F92-4525-82E7-C3A6B875A58F}
	EndGlobalSection
EndGlobal
